{
  "lockfileVersion": 1,
  "configVersion": 1,
  "workspaces": {
    "": {
      "name": "tripletex-tools",
      "dependencies": {
        "neo-blessed": "^0.2.0",
      },
    },
  },
  "packages": {
    "neo-blessed": ["neo-blessed@0.2.0", "", { "bin": { "neo-blessed": "./bin/tput.js" } }, "sha512-C2kC4K+G2QnNQFXUIxTQvqmrdSIzGTX1ZRKeDW6ChmvPRw8rTkTEJzbEQHiHy06d36PCl/yMOCjquCRV8SpSQw=="],
  }
}
